
Microsoft Visual Studio Solution File, Format Version 12.00
# Visual Studio Version 16
VisualStudioVersion = 16.0.30615.102
MinimumVisualStudioVersion = 10.0.40219.1
Project("{9A19103F-16F7-4668-BE54-9A1E7A4F7556}") = "Atom.Culture.Aggregations", "Atom.Culture.Aggregations\Atom.Culture.Aggregations.csproj", "{84D6A6AC-97F7-469F-9870-BDEDFCED0256}"
EndProject
Project("{9A19103F-16F7-4668-BE54-9A1E7A4F7556}") = "Atom.Culture.Recomendations", "Atom.Culture.Recomendations\Atom.Culture.Recomendations.csproj", "{EA25F916-93AE-41D6-AC35-E0C280DB7E83}"
EndProject
Project("{9A19103F-16F7-4668-BE54-9A1E7A4F7556}") = "Atom.Culture.App.Server", "Atom.Culture.App\Server\Atom.Culture.App.Server.csproj", "{1E270D52-D0A4-4A3F-A251-AFC532A40658}"
EndProject
Project("{9A19103F-16F7-4668-BE54-9A1E7A4F7556}") = "Atom.Culture.App.Client", "Atom.Culture.App\Client\Atom.Culture.App.Client.csproj", "{311AC486-205A-4935-8E5F-5BF829FA7A9D}"
EndProject
Project("{2150E333-8FDC-42A3-9474-1A3956D46DE8}") = "App", "App", "{09F9A51B-A667-42AB-A368-B65ADEF0DD4A}"
EndProject
Project("{2150E333-8FDC-42A3-9474-1A3956D46DE8}") = "Aggregations", "Aggregations", "{F5D19FAF-2E18-4CC1-8B77-0C96860476AB}"
EndProject
Project("{2150E333-8FDC-42A3-9474-1A3956D46DE8}") = "Recomendations", "Recomendations", "{C33CB674-DCB8-45C9-825A-D2B30466CDC6}"
EndProject
Project("{9A19103F-16F7-4668-BE54-9A1E7A4F7556}") = "Atom.Culture.App.Components", "Atom.Culture.App.Components\Atom.Culture.App.Components.csproj", "{A65123F5-9804-43B5-8143-DE226F4D0F56}"
EndProject
Project("{9A19103F-16F7-4668-BE54-9A1E7A4F7556}") = "Atom.Culture.App.Data", "Atom.Culture.App.Data\Atom.Culture.App.Data.csproj", "{9EA49D6A-0AA9-431E-A3A1-874D50A1D34D}"
EndProject
Project("{FAE04EC0-301F-11D3-BF4B-00C04F79EFBC}") = "Atom.Culture.PublishServer", "Atom.Culture.PublishServer\Atom.Culture.PublishServer.csproj", "{60B0BE26-4645-42A1-AFCD-0EF06AE422F9}"
EndProject
Project("{FAE04EC0-301F-11D3-BF4B-00C04F79EFBC}") = "Atom.CultureShared", "Atom.CultureShared\Atom.CultureShared.csproj", "{9F54EEB2-6CD4-4FF7-B229-95A038DC1304}"
EndProject
Global
	GlobalSection(SolutionConfigurationPlatforms) = preSolution
		Debug|Any CPU = Debug|Any CPU
		Release|Any CPU = Release|Any CPU
	EndGlobalSection
	GlobalSection(ProjectConfigurationPlatforms) = postSolution
		{84D6A6AC-97F7-469F-9870-BDEDFCED0256}.Debug|Any CPU.ActiveCfg = Debug|Any CPU
		{84D6A6AC-97F7-469F-9870-BDEDFCED0256}.Debug|Any CPU.Build.0 = Debug|Any CPU
		{84D6A6AC-97F7-469F-9870-BDEDFCED0256}.Release|Any CPU.ActiveCfg = Release|Any CPU
		{84D6A6AC-97F7-469F-9870-BDEDFCED0256}.Release|Any CPU.Build.0 = Release|Any CPU
		{EA25F916-93AE-41D6-AC35-E0C280DB7E83}.Debug|Any CPU.ActiveCfg = Debug|Any CPU
		{EA25F916-93AE-41D6-AC35-E0C280DB7E83}.Debug|Any CPU.Build.0 = Debug|Any CPU
		{EA25F916-93AE-41D6-AC35-E0C280DB7E83}.Release|Any CPU.ActiveCfg = Release|Any CPU
		{EA25F916-93AE-41D6-AC35-E0C280DB7E83}.Release|Any CPU.Build.0 = Release|Any CPU
		{1E270D52-D0A4-4A3F-A251-AFC532A40658}.Debug|Any CPU.ActiveCfg = Debug|Any CPU
		{1E270D52-D0A4-4A3F-A251-AFC532A40658}.Debug|Any CPU.Build.0 = Debug|Any CPU
		{1E270D52-D0A4-4A3F-A251-AFC532A40658}.Release|Any CPU.ActiveCfg = Release|Any CPU
		{1E270D52-D0A4-4A3F-A251-AFC532A40658}.Release|Any CPU.Build.0 = Release|Any CPU
		{311AC486-205A-4935-8E5F-5BF829FA7A9D}.Debug|Any CPU.ActiveCfg = Debug|Any CPU
		{311AC486-205A-4935-8E5F-5BF829FA7A9D}.Debug|Any CPU.Build.0 = Debug|Any CPU
		{311AC486-205A-4935-8E5F-5BF829FA7A9D}.Release|Any CPU.ActiveCfg = Release|Any CPU
		{311AC486-205A-4935-8E5F-5BF829FA7A9D}.Release|Any CPU.Build.0 = Release|Any CPU
		{A65123F5-9804-43B5-8143-DE226F4D0F56}.Debug|Any CPU.ActiveCfg = Debug|Any CPU
		{A65123F5-9804-43B5-8143-DE226F4D0F56}.Debug|Any CPU.Build.0 = Debug|Any CPU
		{A65123F5-9804-43B5-8143-DE226F4D0F56}.Release|Any CPU.ActiveCfg = Release|Any CPU
		{A65123F5-9804-43B5-8143-DE226F4D0F56}.Release|Any CPU.Build.0 = Release|Any CPU
		{9EA49D6A-0AA9-431E-A3A1-874D50A1D34D}.Debug|Any CPU.ActiveCfg = Debug|Any CPU
		{9EA49D6A-0AA9-431E-A3A1-874D50A1D34D}.Debug|Any CPU.Build.0 = Debug|Any CPU
		{9EA49D6A-0AA9-431E-A3A1-874D50A1D34D}.Release|Any CPU.ActiveCfg = Release|Any CPU
		{9EA49D6A-0AA9-431E-A3A1-874D50A1D34D}.Release|Any CPU.Build.0 = Release|Any CPU
		{60B0BE26-4645-42A1-AFCD-0EF06AE422F9}.Debug|Any CPU.ActiveCfg = Debug|Any CPU
		{60B0BE26-4645-42A1-AFCD-0EF06AE422F9}.Debug|Any CPU.Build.0 = Debug|Any CPU
		{60B0BE26-4645-42A1-AFCD-0EF06AE422F9}.Release|Any CPU.ActiveCfg = Release|Any CPU
		{60B0BE26-4645-42A1-AFCD-0EF06AE422F9}.Release|Any CPU.Build.0 = Release|Any CPU
		{9F54EEB2-6CD4-4FF7-B229-95A038DC1304}.Debug|Any CPU.ActiveCfg = Debug|Any CPU
		{9F54EEB2-6CD4-4FF7-B229-95A038DC1304}.Debug|Any CPU.Build.0 = Debug|Any CPU
		{9F54EEB2-6CD4-4FF7-B229-95A038DC1304}.Release|Any CPU.ActiveCfg = Release|Any CPU
		{9F54EEB2-6CD4-4FF7-B229-95A038DC1304}.Release|Any CPU.Build.0 = Release|Any CPU
	EndGlobalSection
	GlobalSection(SolutionProperties) = preSolution
		HideSolutionNode = FALSE
	EndGlobalSection
	GlobalSection(NestedProjects) = preSolution
		{84D6A6AC-97F7-469F-9870-BDEDFCED0256} = {F5D19FAF-2E18-4CC1-8B77-0C96860476AB}
		{EA25F916-93AE-41D6-AC35-E0C280DB7E83} = {C33CB674-DCB8-45C9-825A-D2B30466CDC6}
		{1E270D52-D0A4-4A3F-A251-AFC532A40658} = {09F9A51B-A667-42AB-A368-B65ADEF0DD4A}
		{311AC486-205A-4935-8E5F-5BF829FA7A9D} = {09F9A51B-A667-42AB-A368-B65ADEF0DD4A}
		{A65123F5-9804-43B5-8143-DE226F4D0F56} = {09F9A51B-A667-42AB-A368-B65ADEF0DD4A}
		{9EA49D6A-0AA9-431E-A3A1-874D50A1D34D} = {09F9A51B-A667-42AB-A368-B65ADEF0DD4A}
		{60B0BE26-4645-42A1-AFCD-0EF06AE422F9} = {09F9A51B-A667-42AB-A368-B65ADEF0DD4A}
		{9F54EEB2-6CD4-4FF7-B229-95A038DC1304} = {09F9A51B-A667-42AB-A368-B65ADEF0DD4A}
	EndGlobalSection
	GlobalSection(ExtensibilityGlobals) = postSolution
		SolutionGuid = {AECAC3F5-F971-40C2-8779-E0E3CBB6EF11}
	EndGlobalSection
EndGlobal
